
Microsoft Visual Studio Solution File, Format Version 12.00
# Visual Studio 2013
VisualStudioVersion = 12.0.21005.1
MinimumVisualStudioVersion = 10.0.40219.1
Project("{FAE04EC0-301F-11D3-BF4B-00C04F79EFBC}") = "Client", "Client\Client.csproj", "{18F2ABED-FD98-4B45-8982-ED1E917B7FC0}"
EndProject
Project("{FAE04EC0-301F-11D3-BF4B-00C04F79EFBC}") = "Server", "Server\Server.csproj", "{75E3EF0E-1620-44D6-A29E-FBFFF0E34EF6}"
EndProject
Project("{FAE04EC0-301F-11D3-BF4B-00C04F79EFBC}") = "Shared", "Shared\Shared.csproj", "{9E072FA8-0365-4CED-AE09-0887B2F5A053}"
EndProject
Global
	GlobalSection(SolutionConfigurationPlatforms) = preSolution
		Debug|Any CPU = Debug|Any CPU
		Release|Any CPU = Release|Any CPU
	EndGlobalSection
	GlobalSection(ProjectConfigurationPlatforms) = postSolution
		{18F2ABED-FD98-4B45-8982-ED1E917B7FC0}.Debug|Any CPU.ActiveCfg = Debug|Any CPU
		{18F2ABED-FD98-4B45-8982-ED1E917B7FC0}.Debug|Any CPU.Build.0 = Debug|Any CPU
		{18F2ABED-FD98-4B45-8982-ED1E917B7FC0}.Release|Any CPU.ActiveCfg = Release|Any CPU
		{18F2ABED-FD98-4B45-8982-ED1E917B7FC0}.Release|Any CPU.Build.0 = Release|Any CPU
		{75E3EF0E-1620-44D6-A29E-FBFFF0E34EF6}.Debug|Any CPU.ActiveCfg = Debug|Any CPU
		{75E3EF0E-1620-44D6-A29E-FBFFF0E34EF6}.Debug|Any CPU.Build.0 = Debug|Any CPU
		{75E3EF0E-1620-44D6-A29E-FBFFF0E34EF6}.Release|Any CPU.ActiveCfg = Release|Any CPU
		{75E3EF0E-1620-44D6-A29E-FBFFF0E34EF6}.Release|Any CPU.Build.0 = Release|Any CPU
		{9E072FA8-0365-4CED-AE09-0887B2F5A053}.Debug|Any CPU.ActiveCfg = Debug|Any CPU
		{9E072FA8-0365-4CED-AE09-0887B2F5A053}.Debug|Any CPU.Build.0 = Debug|Any CPU
		{9E072FA8-0365-4CED-AE09-0887B2F5A053}.Release|Any CPU.ActiveCfg = Release|Any CPU
		{9E072FA8-0365-4CED-AE09-0887B2F5A053}.Release|Any CPU.Build.0 = Release|Any CPU
	EndGlobalSection
	GlobalSection(SolutionProperties) = preSolution
		HideSolutionNode = FALSE
	EndGlobalSection
EndGlobal
